<?xml version="1.0" encoding="UTF-8"?>
<CodeBlocks_project_file>
	<FileVersion major="1" minor="6"/>
	<Project>
		<Option title="B_YEP_400_BER_4_1_indiestudio_karl_erik_stoerzel"/>
		<Option makefile_is_custom="1"/>
		<Option compiler="gcc"/>
		<Option virtualFolders="CMake Files\;"/>
		<Build>
			<Target title="all">
				<Option working_dir="/home/CookiieZ/Epitech/tek2/indie/B-YEP-400-BER-4-1-indiestudio-karl-erik.stoerzel"/>
				<Option type="4"/>
				<MakeCommands>
					<Build command="/usr/bin/gmake -f &quot;/home/CookiieZ/Epitech/tek2/indie/B-YEP-400-BER-4-1-indiestudio-karl-erik.stoerzel/Makefile&quot;  VERBOSE=1 all"/>
					<CompileFile command="/usr/bin/gmake -f &quot;/home/CookiieZ/Epitech/tek2/indie/B-YEP-400-BER-4-1-indiestudio-karl-erik.stoerzel/Makefile&quot;  VERBOSE=1 &quot;$file&quot;"/>
					<Clean command="/usr/bin/gmake -f &quot;/home/CookiieZ/Epitech/tek2/indie/B-YEP-400-BER-4-1-indiestudio-karl-erik.stoerzel/Makefile&quot;  VERBOSE=1 clean"/>
					<DistClean command="/usr/bin/gmake -f &quot;/home/CookiieZ/Epitech/tek2/indie/B-YEP-400-BER-4-1-indiestudio-karl-erik.stoerzel/Makefile&quot;  VERBOSE=1 clean"/>
				</MakeCommands>
			</Target>
			<Target title="rebuild_cache">
				<Option working_dir="/home/CookiieZ/Epitech/tek2/indie/B-YEP-400-BER-4-1-indiestudio-karl-erik.stoerzel"/>
				<Option type="4"/>
				<MakeCommands>
					<Build command="/usr/bin/gmake -f &quot;/home/CookiieZ/Epitech/tek2/indie/B-YEP-400-BER-4-1-indiestudio-karl-erik.stoerzel/Makefile&quot;  VERBOSE=1 rebuild_cache"/>
					<CompileFile command="/usr/bin/gmake -f &quot;/home/CookiieZ/Epitech/tek2/indie/B-YEP-400-BER-4-1-indiestudio-karl-erik.stoerzel/Makefile&quot;  VERBOSE=1 &quot;$file&quot;"/>
					<Clean command="/usr/bin/gmake -f &quot;/home/CookiieZ/Epitech/tek2/indie/B-YEP-400-BER-4-1-indiestudio-karl-erik.stoerzel/Makefile&quot;  VERBOSE=1 clean"/>
					<DistClean command="/usr/bin/gmake -f &quot;/home/CookiieZ/Epitech/tek2/indie/B-YEP-400-BER-4-1-indiestudio-karl-erik.stoerzel/Makefile&quot;  VERBOSE=1 clean"/>
				</MakeCommands>
			</Target>
			<Target title="edit_cache">
				<Option working_dir="/home/CookiieZ/Epitech/tek2/indie/B-YEP-400-BER-4-1-indiestudio-karl-erik.stoerzel"/>
				<Option type="4"/>
				<MakeCommands>
					<Build command="/usr/bin/gmake -f &quot;/home/CookiieZ/Epitech/tek2/indie/B-YEP-400-BER-4-1-indiestudio-karl-erik.stoerzel/Makefile&quot;  VERBOSE=1 edit_cache"/>
					<CompileFile command="/usr/bin/gmake -f &quot;/home/CookiieZ/Epitech/tek2/indie/B-YEP-400-BER-4-1-indiestudio-karl-erik.stoerzel/Makefile&quot;  VERBOSE=1 &quot;$file&quot;"/>
					<Clean command="/usr/bin/gmake -f &quot;/home/CookiieZ/Epitech/tek2/indie/B-YEP-400-BER-4-1-indiestudio-karl-erik.stoerzel/Makefile&quot;  VERBOSE=1 clean"/>
					<DistClean command="/usr/bin/gmake -f &quot;/home/CookiieZ/Epitech/tek2/indie/B-YEP-400-BER-4-1-indiestudio-karl-erik.stoerzel/Makefile&quot;  VERBOSE=1 clean"/>
				</MakeCommands>
			</Target>
			<Target title="bomberman">
				<Option output="/home/CookiieZ/Epitech/tek2/indie/B-YEP-400-BER-4-1-indiestudio-karl-erik.stoerzel/bomberman" prefix_auto="0" extension_auto="0"/>
				<Option working_dir="/home/CookiieZ/Epitech/tek2/indie/B-YEP-400-BER-4-1-indiestudio-karl-erik.stoerzel"/>
				<Option object_output="./"/>
				<Option type="1"/>
				<Option compiler="gcc"/>
				<Compiler>
					<Add directory="/usr/include/irrlicht"/>
					<Add directory="/home/CookiieZ/Epitech/tek2/indie/B-YEP-400-BER-4-1-indiestudio-karl-erik.stoerzel/include"/>
				</Compiler>
				<MakeCommands>
					<Build command="/usr/bin/gmake -f &quot;/home/CookiieZ/Epitech/tek2/indie/B-YEP-400-BER-4-1-indiestudio-karl-erik.stoerzel/Makefile&quot;  VERBOSE=1 bomberman"/>
					<CompileFile command="/usr/bin/gmake -f &quot;/home/CookiieZ/Epitech/tek2/indie/B-YEP-400-BER-4-1-indiestudio-karl-erik.stoerzel/Makefile&quot;  VERBOSE=1 &quot;$file&quot;"/>
					<Clean command="/usr/bin/gmake -f &quot;/home/CookiieZ/Epitech/tek2/indie/B-YEP-400-BER-4-1-indiestudio-karl-erik.stoerzel/Makefile&quot;  VERBOSE=1 clean"/>
					<DistClean command="/usr/bin/gmake -f &quot;/home/CookiieZ/Epitech/tek2/indie/B-YEP-400-BER-4-1-indiestudio-karl-erik.stoerzel/Makefile&quot;  VERBOSE=1 clean"/>
				</MakeCommands>
			</Target>
			<Target title="bomberman/fast">
				<Option output="/home/CookiieZ/Epitech/tek2/indie/B-YEP-400-BER-4-1-indiestudio-karl-erik.stoerzel/bomberman" prefix_auto="0" extension_auto="0"/>
				<Option working_dir="/home/CookiieZ/Epitech/tek2/indie/B-YEP-400-BER-4-1-indiestudio-karl-erik.stoerzel"/>
				<Option object_output="./"/>
				<Option type="1"/>
				<Option compiler="gcc"/>
				<Compiler>
					<Add directory="/usr/include/irrlicht"/>
					<Add directory="/home/CookiieZ/Epitech/tek2/indie/B-YEP-400-BER-4-1-indiestudio-karl-erik.stoerzel/include"/>
				</Compiler>
				<MakeCommands>
					<Build command="/usr/bin/gmake -f &quot;/home/CookiieZ/Epitech/tek2/indie/B-YEP-400-BER-4-1-indiestudio-karl-erik.stoerzel/Makefile&quot;  VERBOSE=1 bomberman/fast"/>
					<CompileFile command="/usr/bin/gmake -f &quot;/home/CookiieZ/Epitech/tek2/indie/B-YEP-400-BER-4-1-indiestudio-karl-erik.stoerzel/Makefile&quot;  VERBOSE=1 &quot;$file&quot;"/>
					<Clean command="/usr/bin/gmake -f &quot;/home/CookiieZ/Epitech/tek2/indie/B-YEP-400-BER-4-1-indiestudio-karl-erik.stoerzel/Makefile&quot;  VERBOSE=1 clean"/>
					<DistClean command="/usr/bin/gmake -f &quot;/home/CookiieZ/Epitech/tek2/indie/B-YEP-400-BER-4-1-indiestudio-karl-erik.stoerzel/Makefile&quot;  VERBOSE=1 clean"/>
				</MakeCommands>
			</Target>
		</Build>
		<Unit filename="/home/CookiieZ/Epitech/tek2/indie/B-YEP-400-BER-4-1-indiestudio-karl-erik.stoerzel/src/menu.cpp">
			<Option target="bomberman"/>
		</Unit>
		<Unit filename="/home/CookiieZ/Epitech/tek2/indie/B-YEP-400-BER-4-1-indiestudio-karl-erik.stoerzel/CMakeLists.txt">
			<Option virtualFolder="CMake Files\"/>
		</Unit>
	</Project>
</CodeBlocks_project_file>
